
Microsoft Visual Studio Solution File, Format Version 12.00
# Visual Studio 2012
Project("{FAE04EC0-301F-11D3-BF4B-00C04F79EFBC}") = "ForwardMiddleware", "ForwardMiddleware\ForwardMiddleware.csproj", "{9D77E884-7636-4F06-AF7E-1344BD1AEFF8}"
EndProject
Project("{FAE04EC0-301F-11D3-BF4B-00C04F79EFBC}") = "ForwardMiddleware.Web", "ForwardMiddleware.Web\ForwardMiddleware.Web.csproj", "{E5200164-5E5B-4D39-8696-0DFEFF5CB01E}"
EndProject
Global
	GlobalSection(SolutionConfigurationPlatforms) = preSolution
		Debug|Any CPU = Debug|Any CPU
		Release|Any CPU = Release|Any CPU
	EndGlobalSection
	GlobalSection(ProjectConfigurationPlatforms) = postSolution
		{9D77E884-7636-4F06-AF7E-1344BD1AEFF8}.Debug|Any CPU.ActiveCfg = Debug|Any CPU
		{9D77E884-7636-4F06-AF7E-1344BD1AEFF8}.Debug|Any CPU.Build.0 = Debug|Any CPU
		{9D77E884-7636-4F06-AF7E-1344BD1AEFF8}.Release|Any CPU.ActiveCfg = Release|Any CPU
		{9D77E884-7636-4F06-AF7E-1344BD1AEFF8}.Release|Any CPU.Build.0 = Release|Any CPU
		{E5200164-5E5B-4D39-8696-0DFEFF5CB01E}.Debug|Any CPU.ActiveCfg = Debug|Any CPU
		{E5200164-5E5B-4D39-8696-0DFEFF5CB01E}.Debug|Any CPU.Build.0 = Debug|Any CPU
		{E5200164-5E5B-4D39-8696-0DFEFF5CB01E}.Release|Any CPU.ActiveCfg = Release|Any CPU
		{E5200164-5E5B-4D39-8696-0DFEFF5CB01E}.Release|Any CPU.Build.0 = Release|Any CPU
	EndGlobalSection
EndGlobal
